
Microsoft Visual Studio Solution File, Format Version 12.00
# Visual Studio Version 17
VisualStudioVersion = 17.4.33110.190
MinimumVisualStudioVersion = 10.0.40219.1
Project("{FAE04EC0-301F-11D3-BF4B-00C04F79EFBC}") = "RandomMarkers.ConsolUI", "RandomMarkers.ConsolUI\RandomMarkers.ConsolUI.csproj", "{0AF7AE42-4B97-4378-B29C-FA7194F0AD46}"
EndProject
Project("{FAE04EC0-301F-11D3-BF4B-00C04F79EFBC}") = "RandomMarkers.Domain", "RandomMarkers.Domain\RandomMarkers.Domain.csproj", "{603D0982-E27C-4E83-AFAF-CB8680C365B1}"
EndProject
Project("{FAE04EC0-301F-11D3-BF4B-00C04F79EFBC}") = "RandomMarkers.Domain.Tests", "RandomMarkers.Domain.Tests\RandomMarkers.Domain.Tests.csproj", "{D3E5894A-B453-42BB-9673-E2347B40E181}"
EndProject
Global
	GlobalSection(SolutionConfigurationPlatforms) = preSolution
		Debug|Any CPU = Debug|Any CPU
		Release|Any CPU = Release|Any CPU
	EndGlobalSection
	GlobalSection(ProjectConfigurationPlatforms) = postSolution
		{0AF7AE42-4B97-4378-B29C-FA7194F0AD46}.Debug|Any CPU.ActiveCfg = Debug|Any CPU
		{0AF7AE42-4B97-4378-B29C-FA7194F0AD46}.Debug|Any CPU.Build.0 = Debug|Any CPU
		{0AF7AE42-4B97-4378-B29C-FA7194F0AD46}.Release|Any CPU.ActiveCfg = Release|Any CPU
		{0AF7AE42-4B97-4378-B29C-FA7194F0AD46}.Release|Any CPU.Build.0 = Release|Any CPU
		{603D0982-E27C-4E83-AFAF-CB8680C365B1}.Debug|Any CPU.ActiveCfg = Debug|Any CPU
		{603D0982-E27C-4E83-AFAF-CB8680C365B1}.Debug|Any CPU.Build.0 = Debug|Any CPU
		{603D0982-E27C-4E83-AFAF-CB8680C365B1}.Release|Any CPU.ActiveCfg = Release|Any CPU
		{603D0982-E27C-4E83-AFAF-CB8680C365B1}.Release|Any CPU.Build.0 = Release|Any CPU
		{D3E5894A-B453-42BB-9673-E2347B40E181}.Debug|Any CPU.ActiveCfg = Debug|Any CPU
		{D3E5894A-B453-42BB-9673-E2347B40E181}.Debug|Any CPU.Build.0 = Debug|Any CPU
		{D3E5894A-B453-42BB-9673-E2347B40E181}.Release|Any CPU.ActiveCfg = Release|Any CPU
		{D3E5894A-B453-42BB-9673-E2347B40E181}.Release|Any CPU.Build.0 = Release|Any CPU
	EndGlobalSection
	GlobalSection(SolutionProperties) = preSolution
		HideSolutionNode = FALSE
	EndGlobalSection
	GlobalSection(ExtensibilityGlobals) = postSolution
		SolutionGuid = {9D5A86CC-E46D-4684-A4B4-9FFF8A8C3C0C}
	EndGlobalSection
EndGlobal
